
Microsoft Visual Studio Solution File, Format Version 12.00
# Visual Studio Version 16
VisualStudioVersion = 16.0.30611.23
MinimumVisualStudioVersion = 10.0.40219.1
Project("{9A19103F-16F7-4668-BE54-9A1E7A4F7556}") = "Etapa1", "Etapa1.csproj", "{910D9894-2F61-43A3-81DE-3BBD3E68DF4B}"
EndProject
Global
	GlobalSection(SolutionConfigurationPlatforms) = preSolution
		Debug|Any CPU = Debug|Any CPU
		Release|Any CPU = Release|Any CPU
	EndGlobalSection
	GlobalSection(ProjectConfigurationPlatforms) = postSolution
		{910D9894-2F61-43A3-81DE-3BBD3E68DF4B}.Debug|Any CPU.ActiveCfg = Debug|Any CPU
		{910D9894-2F61-43A3-81DE-3BBD3E68DF4B}.Debug|Any CPU.Build.0 = Debug|Any CPU
		{910D9894-2F61-43A3-81DE-3BBD3E68DF4B}.Release|Any CPU.ActiveCfg = Release|Any CPU
		{910D9894-2F61-43A3-81DE-3BBD3E68DF4B}.Release|Any CPU.Build.0 = Release|Any CPU
	EndGlobalSection
	GlobalSection(SolutionProperties) = preSolution
		HideSolutionNode = FALSE
	EndGlobalSection
	GlobalSection(ExtensibilityGlobals) = postSolution
		SolutionGuid = {93F06EA2-72C2-4A46-950C-13B17BADA4A9}
	EndGlobalSection
EndGlobal
